lockfileVersion: '9.0'

settings:
  autoInstallPeers: true
  excludeLinksFromLockfile: false

importers:

  .:
    devDependencies:
      '@hono/zod-openapi':
        specifier: ^1.1.0
        version: 1.1.3(hono@4.9.8)(zod@4.1.11)
      typescript:
        specifier: ^5.4.5
        version: 5.9.2
      zod:
        specifier: ^4.0.0
        version: 4.1.11

packages:

  '@asteasolutions/zod-to-openapi@8.1.0':
    resolution: {integrity: sha512-tQFxVs05J/6QXXqIzj6rTRk3nj1HFs4pe+uThwE95jL5II2JfpVXkK+CqkO7aT0Do5AYqO6LDrKpleLUFXgY+g==}
    peerDependencies:
      zod: ^4.0.0

  '@hono/zod-openapi@1.1.3':
    resolution: {integrity: sha512-ikA8p0Jt7yplxOqbYwdh8rCQWaGN4bu8zK1HbCWqfWT9clo87L32D0eAQ/r0tJodtZbTV5d1vPB75FCkUt1Jdg==}
    engines: {node: '>=16.0.0'}
    peerDependencies:
      hono: '>=4.3.6'
      zod: ^4.0.0

  '@hono/zod-validator@0.7.3':
    resolution: {integrity: sha512-uYGdgVib3RlGD698WR5dVM0zB3UuPY5vHKXffGUbUh7r4xY+mFIhF3/v4AcQVLrU5CQdBso8BJr4wuVoCrjTuQ==}
    peerDependencies:
      hono: '>=3.9.0'
      zod: ^3.25.0 || ^4.0.0

  hono@4.9.8:
    resolution: {integrity: sha512-JW8Bb4RFWD9iOKxg5PbUarBYGM99IcxFl2FPBo2gSJO11jjUDqlP1Bmfyqt8Z/dGhIQ63PMA9LdcLefXyIasyg==}
    engines: {node: '>=16.9.0'}

  openapi3-ts@4.5.0:
    resolution: {integrity: sha512-jaL+HgTq2Gj5jRcfdutgRGLosCy/hT8sQf6VOy+P+g36cZOjI1iukdPnijC+4CmeRzg/jEllJUboEic2FhxhtQ==}

  typescript@5.9.2:
    resolution: {integrity: sha512-CWBzXQrc/qOkhidw1OzBTQuYRbfyxDXJMVJ1XNwUHGROVmuaeiEm3OslpZ1RV96d7SKKjZKrSJu3+t/xlw3R9A==}
    engines: {node: '>=14.17'}
    hasBin: true

  yaml@2.8.1:
    resolution: {integrity: sha512-lcYcMxX2PO9XMGvAJkJ3OsNMw+/7FKes7/hgerGUYWIoWu5j/+YQqcZr5JnPZWzOsEBgMbSbiSTn/dv/69Mkpw==}
    engines: {node: '>= 14.6'}
    hasBin: true

  zod@4.1.11:
    resolution: {integrity: sha512-WPsqwxITS2tzx1bzhIKsEs19ABD5vmCVa4xBo2tq/SrV4RNZtfws1EnCWQXM6yh8bD08a1idvkB5MZSBiZsjwg==}

snapshots:

  '@asteasolutions/zod-to-openapi@8.1.0(zod@4.1.11)':
    dependencies:
      openapi3-ts: 4.5.0
      zod: 4.1.11

  '@hono/zod-openapi@1.1.3(hono@4.9.8)(zod@4.1.11)':
    dependencies:
      '@asteasolutions/zod-to-openapi': 8.1.0(zod@4.1.11)
      '@hono/zod-validator': 0.7.3(hono@4.9.8)(zod@4.1.11)
      hono: 4.9.8
      openapi3-ts: 4.5.0
      zod: 4.1.11

  '@hono/zod-validator@0.7.3(hono@4.9.8)(zod@4.1.11)':
    dependencies:
      hono: 4.9.8
      zod: 4.1.11

  hono@4.9.8: {}

  openapi3-ts@4.5.0:
    dependencies:
      yaml: 2.8.1

  typescript@5.9.2: {}

  yaml@2.8.1: {}

  zod@4.1.11: {}
